
Microsoft Visual Studio Solution File, Format Version 12.00
# Visual Studio 15
VisualStudioVersion = 15.0.28010.2041
MinimumVisualStudioVersion = 10.0.40219.1
Project("{FAE04EC0-301F-11D3-BF4B-00C04F79EFBC}") = "ServerTcp", "ServerTcp\ServerTcp.csproj", "{8CEB508D-9415-450B-9B17-87E1FD37BF62}"
EndProject
Project("{FAE04EC0-301F-11D3-BF4B-00C04F79EFBC}") = "ClienteTcp", "ClienteTcp\ClienteTcp.csproj", "{60E29336-6E26-452E-86B6-8ED42D907F8B}"
EndProject
Project("{FAE04EC0-301F-11D3-BF4B-00C04F79EFBC}") = "Encrypt", "H:\GS AM 2\M20\Encrypt\Encrypt\Encrypt\Encrypt.csproj", "{E30E4C57-9B68-4FD4-837F-16B06117DAF2}"
EndProject
Global
	GlobalSection(SolutionConfigurationPlatforms) = preSolution
		Debug|Any CPU = Debug|Any CPU
		Release|Any CPU = Release|Any CPU
	EndGlobalSection
	GlobalSection(ProjectConfigurationPlatforms) = postSolution
		{8CEB508D-9415-450B-9B17-87E1FD37BF62}.Debug|Any CPU.ActiveCfg = Debug|Any CPU
		{8CEB508D-9415-450B-9B17-87E1FD37BF62}.Debug|Any CPU.Build.0 = Debug|Any CPU
		{8CEB508D-9415-450B-9B17-87E1FD37BF62}.Release|Any CPU.ActiveCfg = Release|Any CPU
		{8CEB508D-9415-450B-9B17-87E1FD37BF62}.Release|Any CPU.Build.0 = Release|Any CPU
		{60E29336-6E26-452E-86B6-8ED42D907F8B}.Debug|Any CPU.ActiveCfg = Debug|Any CPU
		{60E29336-6E26-452E-86B6-8ED42D907F8B}.Debug|Any CPU.Build.0 = Debug|Any CPU
		{60E29336-6E26-452E-86B6-8ED42D907F8B}.Release|Any CPU.ActiveCfg = Release|Any CPU
		{60E29336-6E26-452E-86B6-8ED42D907F8B}.Release|Any CPU.Build.0 = Release|Any CPU
		{E30E4C57-9B68-4FD4-837F-16B06117DAF2}.Debug|Any CPU.ActiveCfg = Debug|Any CPU
		{E30E4C57-9B68-4FD4-837F-16B06117DAF2}.Debug|Any CPU.Build.0 = Debug|Any CPU
		{E30E4C57-9B68-4FD4-837F-16B06117DAF2}.Release|Any CPU.ActiveCfg = Release|Any CPU
		{E30E4C57-9B68-4FD4-837F-16B06117DAF2}.Release|Any CPU.Build.0 = Release|Any CPU
	EndGlobalSection
	GlobalSection(SolutionProperties) = preSolution
		HideSolutionNode = FALSE
	EndGlobalSection
	GlobalSection(ExtensibilityGlobals) = postSolution
		SolutionGuid = {E4E67F27-B667-4332-B313-F2E695A99ECD}
	EndGlobalSection
EndGlobal
